
Microsoft Visual Studio Solution File, Format Version 12.00
# Visual Studio Version 17
VisualStudioVersion = 17.13.35825.156 d17.13
MinimumVisualStudioVersion = 10.0.40219.1
Project("{FAE04EC0-301F-11D3-BF4B-00C04F79EFBC}") = "DSAHomework2", "DSAHomework2\DSAHomework2.csproj", "{FA8F5EE2-102B-45A7-AD0B-22F1CF1958F0}"
EndProject
Global
	GlobalSection(SolutionConfigurationPlatforms) = preSolution
		Debug|Any CPU = Debug|Any CPU
		Release|Any CPU = Release|Any CPU
	EndGlobalSection
	GlobalSection(ProjectConfigurationPlatforms) = postSolution
		{FA8F5EE2-102B-45A7-AD0B-22F1CF1958F0}.Debug|Any CPU.ActiveCfg = Debug|Any CPU
		{FA8F5EE2-102B-45A7-AD0B-22F1CF1958F0}.Debug|Any CPU.Build.0 = Debug|Any CPU
		{FA8F5EE2-102B-45A7-AD0B-22F1CF1958F0}.Release|Any CPU.ActiveCfg = Release|Any CPU
		{FA8F5EE2-102B-45A7-AD0B-22F1CF1958F0}.Release|Any CPU.Build.0 = Release|Any CPU
	EndGlobalSection
	GlobalSection(SolutionProperties) = preSolution
		HideSolutionNode = FALSE
	EndGlobalSection
	GlobalSection(ExtensibilityGlobals) = postSolution
		SolutionGuid = {7C8FFDC7-8508-40FA-A798-A5C0A2BCF808}
	EndGlobalSection
EndGlobal
